// !$*UTF8*$!
{
	archiveVersion = 1;
	classes = {
	};
	objectVersion = 56;
	objects = {

/* Begin PBXBuildFile section */
		468EE1A92ACC0E0200EE4E0C /* RecibeeApp1App.swift in Sources */ = {isa = PBXBuildFile; fileRef = 468EE1A82ACC0E0200EE4E0C /* RecibeeApp1App.swift */; };
		468EE1AB2ACC0E0200EE4E0C /* ContentView.swift in Sources */ = {isa = PBXBuildFile; fileRef = 468EE1AA2ACC0E0200EE4E0C /* ContentView.swift */; };
		468EE1AD2ACC0E0300EE4E0C /* Assets.xcassets in Resources */ = {isa = PBXBuildFile; fileRef = 468EE1AC2ACC0E0300EE4E0C /* Assets.xcassets */; };
		468EE1B02ACC0E0300EE4E0C /* Preview Assets.xcassets in Resources */ = {isa = PBXBuildFile; fileRef = 468EE1AF2ACC0E0300EE4E0C /* Preview Assets.xcassets */; };
		468EE1BC2ACC0F5600EE4E0C /* HomeView.swift in Sources */ = {isa = PBXBuildFile; fileRef = 468EE1BB2ACC0F5600EE4E0C /* HomeView.swift */; };
		468EE1BE2ACC0F6800EE4E0C /* CategoriesView.swift in Sources */ = {isa = PBXBuildFile; fileRef = 468EE1BD2ACC0F6800EE4E0C /* CategoriesView.swift */; };
		468EE1C02ACC0F7800EE4E0C /* NewRecipeView.swift in Sources */ = {isa = PBXBuildFile; fileRef = 468EE1BF2ACC0F7800EE4E0C /* NewRecipeView.swift */; };
		468EE1C22ACC0F8400EE4E0C /* SettingsView.swift in Sources */ = {isa = PBXBuildFile; fileRef = 468EE1C12ACC0F8400EE4E0C /* SettingsView.swift */; };
		468EE1C52ACC115600EE4E0C /* SavedView.swift in Sources */ = {isa = PBXBuildFile; fileRef = 468EE1C42ACC115600EE4E0C /* SavedView.swift */; };
		468EE1C72ACC146D00EE4E0C /* TabBar.swift in Sources */ = {isa = PBXBuildFile; fileRef = 468EE1C62ACC146D00EE4E0C /* TabBar.swift */; };
/* End PBXBuildFile section */

/* Begin PBXFileReference section */
		468EE1A52ACC0E0200EE4E0C /* RecibeeApp1.app */ = {isa = PBXFileReference; explicitFileType = wrapper.application; includeInIndex = 0; path = RecibeeApp1.app; sourceTree = BUILT_PRODUCTS_DIR; };
		468EE1A82ACC0E0200EE4E0C /* RecibeeApp1App.swift */ = {isa = PBXFileReference; lastKnownFileType = sourcecode.swift; path = RecibeeApp1App.swift; sourceTree = "<group>"; };
		468EE1AA2ACC0E0200EE4E0C /* ContentView.swift */ = {isa = PBXFileReference; lastKnownFileType = sourcecode.swift; path = ContentView.swift; sourceTree = "<group>"; };
		468EE1AC2ACC0E0300EE4E0C /* Assets.xcassets */ = {isa = PBXFileReference; lastKnownFileType = folder.assetcatalog; path = Assets.xcassets; sourceTree = "<group>"; };
		468EE1AF2ACC0E0300EE4E0C /* Preview Assets.xcassets */ = {isa = PBXFileReference; lastKnownFileType = folder.assetcatalog; path = "Preview Assets.xcassets"; sourceTree = "<group>"; };
		468EE1BB2ACC0F5600EE4E0C /* HomeView.swift */ = {isa = PBXFileReference; lastKnownFileType = sourcecode.swift; path = HomeView.swift; sourceTree = "<group>"; };
		468EE1BD2ACC0F6800EE4E0C /* CategoriesView.swift */ = {isa = PBXFileReference; lastKnownFileType = sourcecode.swift; path = CategoriesView.swift; sourceTree = "<group>"; };
		468EE1BF2ACC0F7800EE4E0C /* NewRecipeView.swift */ = {isa = PBXFileReference; lastKnownFileType = sourcecode.swift; path = NewRecipeView.swift; sourceTree = "<group>"; };
		468EE1C12ACC0F8400EE4E0C /* SettingsView.swift */ = {isa = PBXFileReference; lastKnownFileType = sourcecode.swift; path = SettingsView.swift; sourceTree = "<group>"; };
		468EE1C42ACC115600EE4E0C /* SavedView.swift */ = {isa = PBXFileReference; lastKnownFileType = sourcecode.swift; path = SavedView.swift; sourceTree = "<group>"; };
		468EE1C62ACC146D00EE4E0C /* TabBar.swift */ = {isa = PBXFileReference; lastKnownFileType = sourcecode.swift; path = TabBar.swift; sourceTree = "<group>"; };
/* End PBXFileReference section */

/* Begin PBXFrameworksBuildPhase section */
		468EE1A22ACC0E0200EE4E0C /* Frameworks */ = {
			isa = PBXFrameworksBuildPhase;
			buildActionMask = 2147483647;
			files = (
			);
			runOnlyForDeploymentPostprocessing = 0;
		};
/* End PBXFrameworksBuildPhase section */

/* Begin PBXGroup section */
		468EE19C2ACC0E0200EE4E0C = {
			isa = PBXGroup;
			children = (
				468EE1A72ACC0E0200EE4E0C /* RecibeeApp1 */,
				468EE1A62ACC0E0200EE4E0C /* Products */,
			);
			sourceTree = "<group>";
		};
		468EE1A62ACC0E0200EE4E0C /* Products */ = {
			isa = PBXGroup;
			children = (
				468EE1A52ACC0E0200EE4E0C /* RecibeeApp1.app */,
			);
			name = Products;
			sourceTree = "<group>";
		};
		468EE1A72ACC0E0200EE4E0C /* RecibeeApp1 */ = {
			isa = PBXGroup;
			children = (
				468EE1A82ACC0E0200EE4E0C /* RecibeeApp1App.swift */,
				468EE1B62ACC0E8C00EE4E0C /* Views */,
				468EE1AC2ACC0E0300EE4E0C /* Assets.xcassets */,
				468EE1B92ACC0F0A00EE4E0C /* ViewModels */,
				468EE1AE2ACC0E0300EE4E0C /* Preview Content */,
			);
			path = RecibeeApp1;
			sourceTree = "<group>";
		};
		468EE1AE2ACC0E0300EE4E0C /* Preview Content */ = {
			isa = PBXGroup;
			children = (
				468EE1AF2ACC0E0300EE4E0C /* Preview Assets.xcassets */,
			);
			path = "Preview Content";
			sourceTree = "<group>";
		};
		468EE1B62ACC0E8C00EE4E0C /* Views */ = {
			isa = PBXGroup;
			children = (
				468EE1BA2ACC0F4400EE4E0C /* Main */,
				468EE1B72ACC0EAC00EE4E0C /* Detail */,
				468EE1B82ACC0EC300EE4E0C /* Components */,
			);
			path = Views;
			sourceTree = "<group>";
		};
		468EE1B72ACC0EAC00EE4E0C /* Detail */ = {
			isa = PBXGroup;
			children = (
			);
			path = Detail;
			sourceTree = "<group>";
		};
		468EE1B82ACC0EC300EE4E0C /* Components */ = {
			isa = PBXGroup;
			children = (
			);
			path = Components;
			sourceTree = "<group>";
		};
		468EE1B92ACC0F0A00EE4E0C /* ViewModels */ = {
			isa = PBXGroup;
			children = (
				468EE1C32ACC0FB200EE4E0C /* Models */,
			);
			path = ViewModels;
			sourceTree = "<group>";
		};
		468EE1BA2ACC0F4400EE4E0C /* Main */ = {
			isa = PBXGroup;
			children = (
				468EE1AA2ACC0E0200EE4E0C /* ContentView.swift */,
				468EE1C62ACC146D00EE4E0C /* TabBar.swift */,
				468EE1BB2ACC0F5600EE4E0C /* HomeView.swift */,
				468EE1BD2ACC0F6800EE4E0C /* CategoriesView.swift */,
				468EE1BF2ACC0F7800EE4E0C /* NewRecipeView.swift */,
				468EE1C42ACC115600EE4E0C /* SavedView.swift */,
				468EE1C12ACC0F8400EE4E0C /* SettingsView.swift */,
			);
			path = Main;
			sourceTree = "<group>";
		};
		468EE1C32ACC0FB200EE4E0C /* Models */ = {
			isa = PBXGroup;
			children = (
			);
			path = Models;
			sourceTree = "<group>";
		};
/* End PBXGroup section */

/* Begin PBXNativeTarget section */
		468EE1A42ACC0E0200EE4E0C /* RecibeeApp1 */ = {
			isa = PBXNativeTarget;
			buildConfigurationList = 468EE1B32ACC0E0300EE4E0C /* Build configuration list for PBXNativeTarget "RecibeeApp1" */;
			buildPhases = (
				468EE1A12ACC0E0200EE4E0C /* Sources */,
				468EE1A22ACC0E0200EE4E0C /* Frameworks */,
				468EE1A32ACC0E0200EE4E0C /* Resources */,
			);
			buildRules = (
			);
			dependencies = (
			);
			name = RecibeeApp1;
			productName = RecibeeApp1;
			productReference = 468EE1A52ACC0E0200EE4E0C /* RecibeeApp1.app */;
			productType = "com.apple.product-type.application";
		};
/* End PBXNativeTarget section */

/* Begin PBXProject section */
		468EE19D2ACC0E0200EE4E0C /* Project object */ = {
			isa = PBXProject;
			attributes = {
				BuildIndependentTargetsInParallel = 1;
				LastSwiftUpdateCheck = 1430;
				LastUpgradeCheck = 1430;
				TargetAttributes = {
					468EE1A42ACC0E0200EE4E0C = {
						CreatedOnToolsVersion = 14.3.1;
					};
				};
			};
			buildConfigurationList = 468EE1A02ACC0E0200EE4E0C /* Build configuration list for PBXProject "RecibeeApp1" */;
			compatibilityVersion = "Xcode 14.0";
			developmentRegion = en;
			hasScannedForEncodings = 0;
			knownRegions = (
				en,
				Base,
			);
			mainGroup = 468EE19C2ACC0E0200EE4E0C;
			productRefGroup = 468EE1A62ACC0E0200EE4E0C /* Products */;
			projectDirPath = "";
			projectRoot = "";
			targets = (
				468EE1A42ACC0E0200EE4E0C /* RecibeeApp1 */,
			);
		};
/* End PBXProject section */

/* Begin PBXResourcesBuildPhase section */
		468EE1A32ACC0E0200EE4E0C /* Resources */ = {
			isa = PBXResourcesBuildPhase;
			buildActionMask = 2147483647;
			files = (
				468EE1B02ACC0E0300EE4E0C /* Preview Assets.xcassets in Resources */,
				468EE1AD2ACC0E0300EE4E0C /* Assets.xcassets in Resources */,
			);
			runOnlyForDeploymentPostprocessing = 0;
		};
/* End PBXResourcesBuildPhase section */

/* Begin PBXSourcesBuildPhase section */
		468EE1A12ACC0E0200EE4E0C /* Sources */ = {
			isa = PBXSourcesBuildPhase;
			buildActionMask = 2147483647;
			files = (
				468EE1BE2ACC0F6800EE4E0C /* CategoriesView.swift in Sources */,
				468EE1C02ACC0F7800EE4E0C /* NewRecipeView.swift in Sources */,
				468EE1BC2ACC0F5600EE4E0C /* HomeView.swift in Sources */,
				468EE1C72ACC146D00EE4E0C /* TabBar.swift in Sources */,
				468EE1C52ACC115600EE4E0C /* SavedView.swift in Sources */,
				468EE1C22ACC0F8400EE4E0C /* SettingsView.swift in Sources */,
				468EE1AB2ACC0E0200EE4E0C /* ContentView.swift in Sources */,
				468EE1A92ACC0E0200EE4E0C /* RecibeeApp1App.swift in Sources */,
			);
			runOnlyForDeploymentPostprocessing = 0;
		};
/* End PBXSourcesBuildPhase section */

/* Begin XCBuildConfiguration section */
		468EE1B12ACC0E0300EE4E0C /* Debug */ = {
			isa = XCBuildConfiguration;
			buildSettings = {
				ALWAYS_SEARCH_USER_PATHS = NO;
				CLANG_ANALYZER_NONNULL = YES;
				CLANG_ANALYZER_NUMBER_OBJECT_CONVERSION = YES_AGGRESSIVE;
				CLANG_CXX_LANGUAGE_STANDARD = "gnu++20";
				CLANG_ENABLE_MODULES = YES;
				CLANG_ENABLE_OBJC_ARC = YES;
				CLANG_ENABLE_OBJC_WEAK = YES;
				CLANG_WARN_BLOCK_CAPTURE_AUTORELEASING = YES;
				CLANG_WARN_BOOL_CONVERSION = YES;
				CLANG_WARN_COMMA = YES;
				CLANG_WARN_CONSTANT_CONVERSION = YES;
				CLANG_WARN_DEPRECATED_OBJC_IMPLEMENTATIONS = YES;
				CLANG_WARN_DIRECT_OBJC_ISA_USAGE = YES_ERROR;
				CLANG_WARN_DOCUMENTATION_COMMENTS = YES;
				CLANG_WARN_EMPTY_BODY = YES;
				CLANG_WARN_ENUM_CONVERSION = YES;
				CLANG_WARN_INFINITE_RECURSION = YES;
				CLANG_WARN_INT_CONVERSION = YES;
				CLANG_WARN_NON_LITERAL_NULL_CONVERSION = YES;
				CLANG_WARN_OBJC_IMPLICIT_RETAIN_SELF = YES;
				CLANG_WARN_OBJC_LITERAL_CONVERSION = YES;
				CLANG_WARN_OBJC_ROOT_CLASS = YES_ERROR;
				CLANG_WARN_QUOTED_INCLUDE_IN_FRAMEWORK_HEADER = YES;
				CLANG_WARN_RANGE_LOOP_ANALYSIS = YES;
				CLANG_WARN_STRICT_PROTOTYPES = YES;
				CLANG_WARN_SUSPICIOUS_MOVE = YES;
				CLANG_WARN_UNGUARDED_AVAILABILITY = YES_AGGRESSIVE;
				CLANG_WARN_UNREACHABLE_CODE = YES;
				CLANG_WARN__DUPLICATE_METHOD_MATCH = YES;
				COPY_PHASE_STRIP = NO;
				DEBUG_INFORMATION_FORMAT = dwarf;
				ENABLE_STRICT_OBJC_MSGSEND = YES;
				ENABLE_TESTABILITY = YES;
				GCC_C_LANGUAGE_STANDARD = gnu11;
				GCC_DYNAMIC_NO_PIC = NO;
				GCC_NO_COMMON_BLOCKS = YES;
				GCC_OPTIMIZATION_LEVEL = 0;
				GCC_PREPROCESSOR_DEFINITIONS = (
					"DEBUG=1",
					"$(inherited)",
				);
				GCC_WARN_64_TO_32_BIT_CONVERSION = YES;
				GCC_WARN_ABOUT_RETURN_TYPE = YES_ERROR;
				GCC_WARN_UNDECLARED_SELECTOR = YES;
				GCC_WARN_UNINITIALIZED_AUTOS = YES_AGGRESSIVE;
				GCC_WARN_UNUSED_FUNCTION = YES;
				GCC_WARN_UNUSED_VARIABLE = YES;
				IPHONEOS_DEPLOYMENT_TARGET = 16.4;
				MTL_ENABLE_DEBUG_INFO = INCLUDE_SOURCE;
				MTL_FAST_MATH = YES;
				ONLY_ACTIVE_ARCH = YES;
				SDKROOT = iphoneos;
				SWIFT_ACTIVE_COMPILATION_CONDITIONS = DEBUG;
				SWIFT_OPTIMIZATION_LEVEL = "-Onone";
			};
			name = Debug;
		};
		468EE1B22ACC0E0300EE4E0C /* Release */ = {
			isa = XCBuildConfiguration;
			buildSettings = {
				ALWAYS_SEARCH_USER_PATHS = NO;
				CLANG_ANALYZER_NONNULL = YES;
				CLANG_ANALYZER_NUMBER_OBJECT_CONVERSION = YES_AGGRESSIVE;
				CLANG_CXX_LANGUAGE_STANDARD = "gnu++20";
				CLANG_ENABLE_MODULES = YES;
				CLANG_ENABLE_OBJC_ARC = YES;
				CLANG_ENABLE_OBJC_WEAK = YES;
				CLANG_WARN_BLOCK_CAPTURE_AUTORELEASING = YES;
				CLANG_WARN_BOOL_CONVERSION = YES;
				CLANG_WARN_COMMA = YES;
				CLANG_WARN_CONSTANT_CONVERSION = YES;
				CLANG_WARN_DEPRECATED_OBJC_IMPLEMENTATIONS = YES;
				CLANG_WARN_DIRECT_OBJC_ISA_USAGE = YES_ERROR;
				CLANG_WARN_DOCUMENTATION_COMMENTS = YES;
				CLANG_WARN_EMPTY_BODY = YES;
				CLANG_WARN_ENUM_CONVERSION = YES;
				CLANG_WARN_INFINITE_RECURSION = YES;
				CLANG_WARN_INT_CONVERSION = YES;
				CLANG_WARN_NON_LITERAL_NULL_CONVERSION = YES;
				CLANG_WARN_OBJC_IMPLICIT_RETAIN_SELF = YES;
				CLANG_WARN_OBJC_LITERAL_CONVERSION = YES;
				CLANG_WARN_OBJC_ROOT_CLASS = YES_ERROR;
				CLANG_WARN_QUOTED_INCLUDE_IN_FRAMEWORK_HEADER = YES;
				CLANG_WARN_RANGE_LOOP_ANALYSIS = YES;
				CLANG_WARN_STRICT_PROTOTYPES = YES;
				CLANG_WARN_SUSPICIOUS_MOVE = YES;
				CLANG_WARN_UNGUARDED_AVAILABILITY = YES_AGGRESSIVE;
				CLANG_WARN_UNREACHABLE_CODE = YES;
				CLANG_WARN__DUPLICATE_METHOD_MATCH = YES;
				COPY_PHASE_STRIP = NO;
				DEBUG_INFORMATION_FORMAT = "dwarf-with-dsym";
				ENABLE_NS_ASSERTIONS = NO;
				ENABLE_STRICT_OBJC_MSGSEND = YES;
				GCC_C_LANGUAGE_STANDARD = gnu11;
				GCC_NO_COMMON_BLOCKS = YES;
				GCC_WARN_64_TO_32_BIT_CONVERSION = YES;
				GCC_WARN_ABOUT_RETURN_TYPE = YES_ERROR;
				GCC_WARN_UNDECLARED_SELECTOR = YES;
				GCC_WARN_UNINITIALIZED_AUTOS = YES_AGGRESSIVE;
				GCC_WARN_UNUSED_FUNCTION = YES;
				GCC_WARN_UNUSED_VARIABLE = YES;
				IPHONEOS_DEPLOYMENT_TARGET = 16.4;
				MTL_ENABLE_DEBUG_INFO = NO;
				MTL_FAST_MATH = YES;
				SDKROOT = iphoneos;
				SWIFT_COMPILATION_MODE = wholemodule;
				SWIFT_OPTIMIZATION_LEVEL = "-O";
				VALIDATE_PRODUCT = YES;
			};
			name = Release;
		};
		468EE1B42ACC0E0300EE4E0C /* Debug */ = {
			isa = XCBuildConfiguration;
			buildSettings = {
				ASSETCATALOG_COMPILER_APPICON_NAME = AppIcon;
				ASSETCATALOG_COMPILER_GLOBAL_ACCENT_COLOR_NAME = AccentColor;
				CODE_SIGN_STYLE = Automatic;
				CURRENT_PROJECT_VERSION = 1;
				DEVELOPMENT_ASSET_PATHS = "\"RecibeeApp1/Preview Content\"";
				ENABLE_PREVIEWS = YES;
				GENERATE_INFOPLIST_FILE = YES;
				INFOPLIST_KEY_UIApplicationSceneManifest_Generation = YES;
				INFOPLIST_KEY_UIApplicationSupportsIndirectInputEvents = YES;
				INFOPLIST_KEY_UILaunchScreen_Generation = YES;
				INFOPLIST_KEY_UISupportedInterfaceOrientations_iPad = "UIInterfaceOrientationPortrait UIInterfaceOrientationPortraitUpsideDown UIInterfaceOrientationLandscapeLeft UIInterfaceOrientationLandscapeRight";
				INFOPLIST_KEY_UISupportedInterfaceOrientations_iPhone = "UIInterfaceOrientationPortrait UIInterfaceOrientationLandscapeLeft UIInterfaceOrientationLandscapeRight";
				LD_RUNPATH_SEARCH_PATHS = (
					"$(inherited)",
					"@executable_path/Frameworks",
				);
				MARKETING_VERSION = 1.0;
				PRODUCT_BUNDLE_IDENTIFIER = com.reem.RecibeeApp1;
				PRODUCT_NAME = "$(TARGET_NAME)";
				SWIFT_EMIT_LOC_STRINGS = YES;
				SWIFT_VERSION = 5.0;
				TARGETED_DEVICE_FAMILY = "1,2";
			};
			name = Debug;
		};
		468EE1B52ACC0E0300EE4E0C /* Release */ = {
			isa = XCBuildConfiguration;
			buildSettings = {
				ASSETCATALOG_COMPILER_APPICON_NAME = AppIcon;
				ASSETCATALOG_COMPILER_GLOBAL_ACCENT_COLOR_NAME = AccentColor;
				CODE_SIGN_STYLE = Automatic;
				CURRENT_PROJECT_VERSION = 1;
				DEVELOPMENT_ASSET_PATHS = "\"RecibeeApp1/Preview Content\"";
				ENABLE_PREVIEWS = YES;
				GENERATE_INFOPLIST_FILE = YES;
				INFOPLIST_KEY_UIApplicationSceneManifest_Generation = YES;
				INFOPLIST_KEY_UIApplicationSupportsIndirectInputEvents = YES;
				INFOPLIST_KEY_UILaunchScreen_Generation = YES;
				INFOPLIST_KEY_UISupportedInterfaceOrientations_iPad = "UIInterfaceOrientationPortrait UIInterfaceOrientationPortraitUpsideDown UIInterfaceOrientationLandscapeLeft UIInterfaceOrientationLandscapeRight";
				INFOPLIST_KEY_UISupportedInterfaceOrientations_iPhone = "UIInterfaceOrientationPortrait UIInterfaceOrientationLandscapeLeft UIInterfaceOrientationLandscapeRight";
				LD_RUNPATH_SEARCH_PATHS = (
					"$(inherited)",
					"@executable_path/Frameworks",
				);
				MARKETING_VERSION = 1.0;
				PRODUCT_BUNDLE_IDENTIFIER = com.reem.RecibeeApp1;
				PRODUCT_NAME = "$(TARGET_NAME)";
				SWIFT_EMIT_LOC_STRINGS = YES;
				SWIFT_VERSION = 5.0;
				TARGETED_DEVICE_FAMILY = "1,2";
			};
			name = Release;
		};
/* End XCBuildConfiguration section */

/* Begin XCConfigurationList section */
		468EE1A02ACC0E0200EE4E0C /* Build configuration list for PBXProject "RecibeeApp1" */ = {
			isa = XCConfigurationList;
			buildConfigurations = (
				468EE1B12ACC0E0300EE4E0C /* Debug */,
				468EE1B22ACC0E0300EE4E0C /* Release */,
			);
			defaultConfigurationIsVisible = 0;
			defaultConfigurationName = Release;
		};
		468EE1B32ACC0E0300EE4E0C /* Build configuration list for PBXNativeTarget "RecibeeApp1" */ = {
			isa = XCConfigurationList;
			buildConfigurations = (
				468EE1B42ACC0E0300EE4E0C /* Debug */,
				468EE1B52ACC0E0300EE4E0C /* Release */,
			);
			defaultConfigurationIsVisible = 0;
			defaultConfigurationName = Release;
		};
/* End XCConfigurationList section */
	};
	rootObject = 468EE19D2ACC0E0200EE4E0C /* Project object */;
}
